
Microsoft Visual Studio Solution File, Format Version 12.00
# Visual Studio Version 17
VisualStudioVersion = 17.14.37027.9 d17.14
MinimumVisualStudioVersion = 10.0.40219.1
Project("{FAE04EC0-301F-11D3-BF4B-00C04F79EFBC}") = "FourierIT-API", "FourierIT-API.csproj", "{83565EB7-D396-479D-BB30-2303CCECE389}"
EndProject
Global
	GlobalSection(SolutionConfigurationPlatforms) = preSolution
		Debug|Any CPU = Debug|Any CPU
		Release|Any CPU = Release|Any CPU
	EndGlobalSection
	GlobalSection(ProjectConfigurationPlatforms) = postSolution
		{83565EB7-D396-479D-BB30-2303CCECE389}.Debug|Any CPU.ActiveCfg = Debug|Any CPU
		{83565EB7-D396-479D-BB30-2303CCECE389}.Debug|Any CPU.Build.0 = Debug|Any CPU
		{83565EB7-D396-479D-BB30-2303CCECE389}.Release|Any CPU.ActiveCfg = Release|Any CPU
		{83565EB7-D396-479D-BB30-2303CCECE389}.Release|Any CPU.Build.0 = Release|Any CPU
	EndGlobalSection
	GlobalSection(SolutionProperties) = preSolution
		HideSolutionNode = FALSE
	EndGlobalSection
	GlobalSection(ExtensibilityGlobals) = postSolution
		SolutionGuid = {86D0F318-D985-41F3-B309-3191D920C2EB}
	EndGlobalSection
EndGlobal
